
Microsoft Visual Studio Solution File, Format Version 12.00
# Visual Studio Version 17
VisualStudioVersion = 17.10.34928.147
MinimumVisualStudioVersion = 10.0.40219.1
Project("{FAE04EC0-301F-11D3-BF4B-00C04F79EFBC}") = "BossFight", "BossFight.csproj", "{78D255EA-4A55-4904-B478-055B13DD0AD0}"
EndProject
Global
	GlobalSection(SolutionConfigurationPlatforms) = preSolution
		Debug|Any CPU = Debug|Any CPU
		Release|Any CPU = Release|Any CPU
	EndGlobalSection
	GlobalSection(ProjectConfigurationPlatforms) = postSolution
		{78D255EA-4A55-4904-B478-055B13DD0AD0}.Debug|Any CPU.ActiveCfg = Debug|Any CPU
		{78D255EA-4A55-4904-B478-055B13DD0AD0}.Debug|Any CPU.Build.0 = Debug|Any CPU
		{78D255EA-4A55-4904-B478-055B13DD0AD0}.Release|Any CPU.ActiveCfg = Release|Any CPU
		{78D255EA-4A55-4904-B478-055B13DD0AD0}.Release|Any CPU.Build.0 = Release|Any CPU
	EndGlobalSection
	GlobalSection(SolutionProperties) = preSolution
		HideSolutionNode = FALSE
	EndGlobalSection
	GlobalSection(ExtensibilityGlobals) = postSolution
		SolutionGuid = {E74E25BA-26C0-42E0-9B78-C31AE7B4280D}
	EndGlobalSection
EndGlobal
